
Microsoft Visual Studio Solution File, Format Version 12.00
# Visual Studio Version 17
VisualStudioVersion = 17.0.32002.185
MinimumVisualStudioVersion = 10.0.40219.1
Project("{FAE04EC0-301F-11D3-BF4B-00C04F79EFBC}") = "WinForm3DEngine", "3DEngineAttempt\WinForm3DEngine.csproj", "{4251CEF1-97E1-4027-A0C8-074420E60BB7}"
EndProject
Project("{FAE04EC0-301F-11D3-BF4B-00C04F79EFBC}") = "3DEngine", "3DEngine\3DEngine.csproj", "{92458B38-7AB9-4B05-885C-548582FAFBAC}"
EndProject
Global
	GlobalSection(SolutionConfigurationPlatforms) = preSolution
		Debug|Any CPU = Debug|Any CPU
		Release|Any CPU = Release|Any CPU
	EndGlobalSection
	GlobalSection(ProjectConfigurationPlatforms) = postSolution
		{4251CEF1-97E1-4027-A0C8-074420E60BB7}.Debug|Any CPU.ActiveCfg = Debug|Any CPU
		{4251CEF1-97E1-4027-A0C8-074420E60BB7}.Debug|Any CPU.Build.0 = Debug|Any CPU
		{4251CEF1-97E1-4027-A0C8-074420E60BB7}.Release|Any CPU.ActiveCfg = Release|Any CPU
		{4251CEF1-97E1-4027-A0C8-074420E60BB7}.Release|Any CPU.Build.0 = Release|Any CPU
		{92458B38-7AB9-4B05-885C-548582FAFBAC}.Debug|Any CPU.ActiveCfg = Debug|Any CPU
		{92458B38-7AB9-4B05-885C-548582FAFBAC}.Debug|Any CPU.Build.0 = Debug|Any CPU
		{92458B38-7AB9-4B05-885C-548582FAFBAC}.Release|Any CPU.ActiveCfg = Release|Any CPU
		{92458B38-7AB9-4B05-885C-548582FAFBAC}.Release|Any CPU.Build.0 = Release|Any CPU
	EndGlobalSection
	GlobalSection(SolutionProperties) = preSolution
		HideSolutionNode = FALSE
	EndGlobalSection
	GlobalSection(ExtensibilityGlobals) = postSolution
		SolutionGuid = {5402BD94-EF08-4922-AA15-183E2290101D}
	EndGlobalSection
EndGlobal
